// !$*UTF8*$!
{
	archiveVersion = 1;
	classes = {
	};
	objectVersion = 56;
	objects = {

/* Begin PBXBuildFile section */
		1413AFF928F4497B00FB552A /* Game3ViewController.swift in Sources */ = {isa = PBXBuildFile; fileRef = 1413AFF828F4497B00FB552A /* Game3ViewController.swift */; };
		1413AFFB28F4498800FB552A /* Game1ViewController.swift in Sources */ = {isa = PBXBuildFile; fileRef = 1413AFFA28F4498800FB552A /* Game1ViewController.swift */; };
		1413AFFD28F4499300FB552A /* Game4ViewController.swift in Sources */ = {isa = PBXBuildFile; fileRef = 1413AFFC28F4499300FB552A /* Game4ViewController.swift */; };
		142AFC4328F42DA20069046C /* Models.scnassets in Resources */ = {isa = PBXBuildFile; fileRef = 142AFC4228F42DA20069046C /* Models.scnassets */; };
		142AFC4A28F42E470069046C /* Game2ViewController.swift in Sources */ = {isa = PBXBuildFile; fileRef = 142AFC4828F42E470069046C /* Game2ViewController.swift */; };
		142AFC4B28F42E470069046C /* Game2.storyboard in Resources */ = {isa = PBXBuildFile; fileRef = 142AFC4928F42E470069046C /* Game2.storyboard */; };
		142AFC4E28F42EFB0069046C /* MotionHelper.swift in Sources */ = {isa = PBXBuildFile; fileRef = 142AFC4C28F42EFB0069046C /* MotionHelper.swift */; };
		142AFC4F28F42EFB0069046C /* VectorOperation.swift in Sources */ = {isa = PBXBuildFile; fileRef = 142AFC4D28F42EFB0069046C /* VectorOperation.swift */; };
		142AFC5128F42F030069046C /* HorizontalProgressBar.swift in Sources */ = {isa = PBXBuildFile; fileRef = 142AFC5028F42F030069046C /* HorizontalProgressBar.swift */; };
		95AB323728F3C59C0003DCB0 /* AppDelegate.swift in Sources */ = {isa = PBXBuildFile; fileRef = 95AB323628F3C59C0003DCB0 /* AppDelegate.swift */; };
		95AB323B28F3C59C0003DCB0 /* GameViewController.swift in Sources */ = {isa = PBXBuildFile; fileRef = 95AB323A28F3C59C0003DCB0 /* GameViewController.swift */; };
		95AB323E28F3C59C0003DCB0 /* Main.storyboard in Resources */ = {isa = PBXBuildFile; fileRef = 95AB323C28F3C59C0003DCB0 /* Main.storyboard */; };
		95AB324028F3C59D0003DCB0 /* Assets.xcassets in Resources */ = {isa = PBXBuildFile; fileRef = 95AB323F28F3C59D0003DCB0 /* Assets.xcassets */; };
		95AB324328F3C59D0003DCB0 /* LaunchScreen.storyboard in Resources */ = {isa = PBXBuildFile; fileRef = 95AB324128F3C59D0003DCB0 /* LaunchScreen.storyboard */; };
		95AB324D28F3C59D0003DCB0 /* CeriaTests.swift in Sources */ = {isa = PBXBuildFile; fileRef = 95AB324C28F3C59D0003DCB0 /* CeriaTests.swift */; };
		95AB325728F3C59D0003DCB0 /* CeriaUITests.swift in Sources */ = {isa = PBXBuildFile; fileRef = 95AB325628F3C59D0003DCB0 /* CeriaUITests.swift */; };
		95AB325928F3C59D0003DCB0 /* CeriaUITestsLaunchTests.swift in Sources */ = {isa = PBXBuildFile; fileRef = 95AB325828F3C59D0003DCB0 /* CeriaUITestsLaunchTests.swift */; };
/* End PBXBuildFile section */

/* Begin PBXContainerItemProxy section */
		95AB324928F3C59D0003DCB0 /* PBXContainerItemProxy */ = {
			isa = PBXContainerItemProxy;
			containerPortal = 95AB322B28F3C59C0003DCB0 /* Project object */;
			proxyType = 1;
			remoteGlobalIDString = 95AB323228F3C59C0003DCB0;
			remoteInfo = Ceria;
		};
		95AB325328F3C59D0003DCB0 /* PBXContainerItemProxy */ = {
			isa = PBXContainerItemProxy;
			containerPortal = 95AB322B28F3C59C0003DCB0 /* Project object */;
			proxyType = 1;
			remoteGlobalIDString = 95AB323228F3C59C0003DCB0;
			remoteInfo = Ceria;
		};
/* End PBXContainerItemProxy section */

/* Begin PBXFileReference section */
		1413AFF828F4497B00FB552A /* Game3ViewController.swift */ = {isa = PBXFileReference; lastKnownFileType = sourcecode.swift; path = Game3ViewController.swift; sourceTree = "<group>"; };
		1413AFFA28F4498800FB552A /* Game1ViewController.swift */ = {isa = PBXFileReference; lastKnownFileType = sourcecode.swift; path = Game1ViewController.swift; sourceTree = "<group>"; };
		1413AFFC28F4499300FB552A /* Game4ViewController.swift */ = {isa = PBXFileReference; lastKnownFileType = sourcecode.swift; path = Game4ViewController.swift; sourceTree = "<group>"; };
		142AFC4228F42DA20069046C /* Models.scnassets */ = {isa = PBXFileReference; lastKnownFileType = wrapper.scnassets; path = Models.scnassets; sourceTree = "<group>"; };
		142AFC4828F42E470069046C /* Game2ViewController.swift */ = {isa = PBXFileReference; fileEncoding = 4; lastKnownFileType = sourcecode.swift; path = Game2ViewController.swift; sourceTree = "<group>"; };
		142AFC4928F42E470069046C /* Game2.storyboard */ = {isa = PBXFileReference; fileEncoding = 4; lastKnownFileType = file.storyboard; path = Game2.storyboard; sourceTree = "<group>"; };
		142AFC4C28F42EFB0069046C /* MotionHelper.swift */ = {isa = PBXFileReference; fileEncoding = 4; lastKnownFileType = sourcecode.swift; path = MotionHelper.swift; sourceTree = "<group>"; };
		142AFC4D28F42EFB0069046C /* VectorOperation.swift */ = {isa = PBXFileReference; fileEncoding = 4; lastKnownFileType = sourcecode.swift; path = VectorOperation.swift; sourceTree = "<group>"; };
		142AFC5028F42F030069046C /* HorizontalProgressBar.swift */ = {isa = PBXFileReference; fileEncoding = 4; lastKnownFileType = sourcecode.swift; path = HorizontalProgressBar.swift; sourceTree = "<group>"; };
		95AB323328F3C59C0003DCB0 /* Ceria.app */ = {isa = PBXFileReference; explicitFileType = wrapper.application; includeInIndex = 0; path = Ceria.app; sourceTree = BUILT_PRODUCTS_DIR; };
		95AB323628F3C59C0003DCB0 /* AppDelegate.swift */ = {isa = PBXFileReference; lastKnownFileType = sourcecode.swift; path = AppDelegate.swift; sourceTree = "<group>"; };
		95AB323A28F3C59C0003DCB0 /* GameViewController.swift */ = {isa = PBXFileReference; lastKnownFileType = sourcecode.swift; path = GameViewController.swift; sourceTree = "<group>"; };
		95AB323D28F3C59C0003DCB0 /* Base */ = {isa = PBXFileReference; lastKnownFileType = file.storyboard; name = Base; path = Base.lproj/Main.storyboard; sourceTree = "<group>"; };
		95AB323F28F3C59D0003DCB0 /* Assets.xcassets */ = {isa = PBXFileReference; lastKnownFileType = folder.assetcatalog; path = Assets.xcassets; sourceTree = "<group>"; };
		95AB324228F3C59D0003DCB0 /* Base */ = {isa = PBXFileReference; lastKnownFileType = file.storyboard; name = Base; path = Base.lproj/LaunchScreen.storyboard; sourceTree = "<group>"; };
		95AB324828F3C59D0003DCB0 /* CeriaTests.xctest */ = {isa = PBXFileReference; explicitFileType = wrapper.cfbundle; includeInIndex = 0; path = CeriaTests.xctest; sourceTree = BUILT_PRODUCTS_DIR; };
		95AB324C28F3C59D0003DCB0 /* CeriaTests.swift */ = {isa = PBXFileReference; lastKnownFileType = sourcecode.swift; path = CeriaTests.swift; sourceTree = "<group>"; };
		95AB325228F3C59D0003DCB0 /* CeriaUITests.xctest */ = {isa = PBXFileReference; explicitFileType = wrapper.cfbundle; includeInIndex = 0; path = CeriaUITests.xctest; sourceTree = BUILT_PRODUCTS_DIR; };
		95AB325628F3C59D0003DCB0 /* CeriaUITests.swift */ = {isa = PBXFileReference; lastKnownFileType = sourcecode.swift; path = CeriaUITests.swift; sourceTree = "<group>"; };
		95AB325828F3C59D0003DCB0 /* CeriaUITestsLaunchTests.swift */ = {isa = PBXFileReference; lastKnownFileType = sourcecode.swift; path = CeriaUITestsLaunchTests.swift; sourceTree = "<group>"; };
/* End PBXFileReference section */

/* Begin PBXFrameworksBuildPhase section */
		95AB323028F3C59C0003DCB0 /* Frameworks */ = {
			isa = PBXFrameworksBuildPhase;
			buildActionMask = 2147483647;
			files = (
			);
			runOnlyForDeploymentPostprocessing = 0;
		};
		95AB324528F3C59D0003DCB0 /* Frameworks */ = {
			isa = PBXFrameworksBuildPhase;
			buildActionMask = 2147483647;
			files = (
			);
			runOnlyForDeploymentPostprocessing = 0;
		};
		95AB324F28F3C59D0003DCB0 /* Frameworks */ = {
			isa = PBXFrameworksBuildPhase;
			buildActionMask = 2147483647;
			files = (
			);
			runOnlyForDeploymentPostprocessing = 0;
		};
/* End PBXFrameworksBuildPhase section */

/* Begin PBXGroup section */
		1413AFF128F448D000FB552A /* Gameplay */ = {
			isa = PBXGroup;
			children = (
				1413AFF428F4494200FB552A /* Game 1 */,
				1413AFF528F4494700FB552A /* Game 2 */,
				1413AFF628F4494D00FB552A /* Game 3 */,
				1413AFF728F4495600FB552A /* Game 4 */,
			);
			path = Gameplay;
			sourceTree = "<group>";
		};
		1413AFF428F4494200FB552A /* Game 1 */ = {
			isa = PBXGroup;
			children = (
				1413AFFA28F4498800FB552A /* Game1ViewController.swift */,
			);
			path = "Game 1";
			sourceTree = "<group>";
		};
		1413AFF528F4494700FB552A /* Game 2 */ = {
			isa = PBXGroup;
			children = (
				142AFC4928F42E470069046C /* Game2.storyboard */,
				142AFC4828F42E470069046C /* Game2ViewController.swift */,
			);
			path = "Game 2";
			sourceTree = "<group>";
		};
		1413AFF628F4494D00FB552A /* Game 3 */ = {
			isa = PBXGroup;
			children = (
				1413AFF828F4497B00FB552A /* Game3ViewController.swift */,
			);
			path = "Game 3";
			sourceTree = "<group>";
		};
		1413AFF728F4495600FB552A /* Game 4 */ = {
			isa = PBXGroup;
			children = (
				1413AFFC28F4499300FB552A /* Game4ViewController.swift */,
			);
			path = "Game 4";
			sourceTree = "<group>";
		};
		142AFC5228F42F170069046C /* Helper */ = {
			isa = PBXGroup;
			children = (
				142AFC4C28F42EFB0069046C /* MotionHelper.swift */,
				142AFC4D28F42EFB0069046C /* VectorOperation.swift */,
			);
			path = Helper;
			sourceTree = "<group>";
		};
		142AFC5328F42F220069046C /* UI */ = {
			isa = PBXGroup;
			children = (
				142AFC5028F42F030069046C /* HorizontalProgressBar.swift */,
			);
			path = UI;
			sourceTree = "<group>";
		};
		95AB322A28F3C59C0003DCB0 = {
			isa = PBXGroup;
			children = (
				95AB323528F3C59C0003DCB0 /* Ceria */,
				95AB324B28F3C59D0003DCB0 /* CeriaTests */,
				95AB325528F3C59D0003DCB0 /* CeriaUITests */,
				95AB323428F3C59C0003DCB0 /* Products */,
			);
			sourceTree = "<group>";
		};
		95AB323428F3C59C0003DCB0 /* Products */ = {
			isa = PBXGroup;
			children = (
				95AB323328F3C59C0003DCB0 /* Ceria.app */,
				95AB324828F3C59D0003DCB0 /* CeriaTests.xctest */,
				95AB325228F3C59D0003DCB0 /* CeriaUITests.xctest */,
			);
			name = Products;
			sourceTree = "<group>";
		};
		95AB323528F3C59C0003DCB0 /* Ceria */ = {
			isa = PBXGroup;
			children = (
				1413AFF128F448D000FB552A /* Gameplay */,
				142AFC5228F42F170069046C /* Helper */,
				142AFC5328F42F220069046C /* UI */,
				95AB323628F3C59C0003DCB0 /* AppDelegate.swift */,
				142AFC4228F42DA20069046C /* Models.scnassets */,
				95AB323A28F3C59C0003DCB0 /* GameViewController.swift */,
				95AB323C28F3C59C0003DCB0 /* Main.storyboard */,
				95AB323F28F3C59D0003DCB0 /* Assets.xcassets */,
				95AB324128F3C59D0003DCB0 /* LaunchScreen.storyboard */,
			);
			path = Ceria;
			sourceTree = "<group>";
		};
		95AB324B28F3C59D0003DCB0 /* CeriaTests */ = {
			isa = PBXGroup;
			children = (
				95AB324C28F3C59D0003DCB0 /* CeriaTests.swift */,
			);
			path = CeriaTests;
			sourceTree = "<group>";
		};
		95AB325528F3C59D0003DCB0 /* CeriaUITests */ = {
			isa = PBXGroup;
			children = (
				95AB325628F3C59D0003DCB0 /* CeriaUITests.swift */,
				95AB325828F3C59D0003DCB0 /* CeriaUITestsLaunchTests.swift */,
			);
			path = CeriaUITests;
			sourceTree = "<group>";
		};
/* End PBXGroup section */

/* Begin PBXNativeTarget section */
		95AB323228F3C59C0003DCB0 /* Ceria */ = {
			isa = PBXNativeTarget;
			buildConfigurationList = 95AB325C28F3C59D0003DCB0 /* Build configuration list for PBXNativeTarget "Ceria" */;
			buildPhases = (
				95AB322F28F3C59C0003DCB0 /* Sources */,
				95AB323028F3C59C0003DCB0 /* Frameworks */,
				95AB323128F3C59C0003DCB0 /* Resources */,
			);
			buildRules = (
			);
			dependencies = (
			);
			name = Ceria;
			productName = Ceria;
			productReference = 95AB323328F3C59C0003DCB0 /* Ceria.app */;
			productType = "com.apple.product-type.application";
		};
		95AB324728F3C59D0003DCB0 /* CeriaTests */ = {
			isa = PBXNativeTarget;
			buildConfigurationList = 95AB325F28F3C59D0003DCB0 /* Build configuration list for PBXNativeTarget "CeriaTests" */;
			buildPhases = (
				95AB324428F3C59D0003DCB0 /* Sources */,
				95AB324528F3C59D0003DCB0 /* Frameworks */,
				95AB324628F3C59D0003DCB0 /* Resources */,
			);
			buildRules = (
			);
			dependencies = (
				95AB324A28F3C59D0003DCB0 /* PBXTargetDependency */,
			);
			name = CeriaTests;
			productName = CeriaTests;
			productReference = 95AB324828F3C59D0003DCB0 /* CeriaTests.xctest */;
			productType = "com.apple.product-type.bundle.unit-test";
		};
		95AB325128F3C59D0003DCB0 /* CeriaUITests */ = {
			isa = PBXNativeTarget;
			buildConfigurationList = 95AB326228F3C59D0003DCB0 /* Build configuration list for PBXNativeTarget "CeriaUITests" */;
			buildPhases = (
				95AB324E28F3C59D0003DCB0 /* Sources */,
				95AB324F28F3C59D0003DCB0 /* Frameworks */,
				95AB325028F3C59D0003DCB0 /* Resources */,
			);
			buildRules = (
			);
			dependencies = (
				95AB325428F3C59D0003DCB0 /* PBXTargetDependency */,
			);
			name = CeriaUITests;
			productName = CeriaUITests;
			productReference = 95AB325228F3C59D0003DCB0 /* CeriaUITests.xctest */;
			productType = "com.apple.product-type.bundle.ui-testing";
		};
/* End PBXNativeTarget section */

/* Begin PBXProject section */
		95AB322B28F3C59C0003DCB0 /* Project object */ = {
			isa = PBXProject;
			attributes = {
				BuildIndependentTargetsInParallel = 1;
				LastSwiftUpdateCheck = 1400;
				LastUpgradeCheck = 1400;
				TargetAttributes = {
					95AB323228F3C59C0003DCB0 = {
						CreatedOnToolsVersion = 14.0.1;
					};
					95AB324728F3C59D0003DCB0 = {
						CreatedOnToolsVersion = 14.0.1;
						TestTargetID = 95AB323228F3C59C0003DCB0;
					};
					95AB325128F3C59D0003DCB0 = {
						CreatedOnToolsVersion = 14.0.1;
						TestTargetID = 95AB323228F3C59C0003DCB0;
					};
				};
			};
			buildConfigurationList = 95AB322E28F3C59C0003DCB0 /* Build configuration list for PBXProject "Ceria" */;
			compatibilityVersion = "Xcode 14.0";
			developmentRegion = en;
			hasScannedForEncodings = 0;
			knownRegions = (
				en,
				Base,
			);
			mainGroup = 95AB322A28F3C59C0003DCB0;
			productRefGroup = 95AB323428F3C59C0003DCB0 /* Products */;
			projectDirPath = "";
			projectRoot = "";
			targets = (
				95AB323228F3C59C0003DCB0 /* Ceria */,
				95AB324728F3C59D0003DCB0 /* CeriaTests */,
				95AB325128F3C59D0003DCB0 /* CeriaUITests */,
			);
		};
/* End PBXProject section */

/* Begin PBXResourcesBuildPhase section */
		95AB323128F3C59C0003DCB0 /* Resources */ = {
			isa = PBXResourcesBuildPhase;
			buildActionMask = 2147483647;
			files = (
				142AFC4B28F42E470069046C /* Game2.storyboard in Resources */,
				95AB324328F3C59D0003DCB0 /* LaunchScreen.storyboard in Resources */,
				95AB324028F3C59D0003DCB0 /* Assets.xcassets in Resources */,
				142AFC4328F42DA20069046C /* Models.scnassets in Resources */,
				95AB323E28F3C59C0003DCB0 /* Main.storyboard in Resources */,
			);
			runOnlyForDeploymentPostprocessing = 0;
		};
		95AB324628F3C59D0003DCB0 /* Resources */ = {
			isa = PBXResourcesBuildPhase;
			buildActionMask = 2147483647;
			files = (
			);
			runOnlyForDeploymentPostprocessing = 0;
		};
		95AB325028F3C59D0003DCB0 /* Resources */ = {
			isa = PBXResourcesBuildPhase;
			buildActionMask = 2147483647;
			files = (
			);
			runOnlyForDeploymentPostprocessing = 0;
		};
/* End PBXResourcesBuildPhase section */

/* Begin PBXSourcesBuildPhase section */
		95AB322F28F3C59C0003DCB0 /* Sources */ = {
			isa = PBXSourcesBuildPhase;
			buildActionMask = 2147483647;
			files = (
				142AFC5128F42F030069046C /* HorizontalProgressBar.swift in Sources */,
				95AB323B28F3C59C0003DCB0 /* GameViewController.swift in Sources */,
				95AB323728F3C59C0003DCB0 /* AppDelegate.swift in Sources */,
				1413AFFD28F4499300FB552A /* Game4ViewController.swift in Sources */,
				142AFC4A28F42E470069046C /* Game2ViewController.swift in Sources */,
				142AFC4F28F42EFB0069046C /* VectorOperation.swift in Sources */,
				142AFC4E28F42EFB0069046C /* MotionHelper.swift in Sources */,
				1413AFFB28F4498800FB552A /* Game1ViewController.swift in Sources */,
				1413AFF928F4497B00FB552A /* Game3ViewController.swift in Sources */,
			);
			runOnlyForDeploymentPostprocessing = 0;
		};
		95AB324428F3C59D0003DCB0 /* Sources */ = {
			isa = PBXSourcesBuildPhase;
			buildActionMask = 2147483647;
			files = (
				95AB324D28F3C59D0003DCB0 /* CeriaTests.swift in Sources */,
			);
			runOnlyForDeploymentPostprocessing = 0;
		};
		95AB324E28F3C59D0003DCB0 /* Sources */ = {
			isa = PBXSourcesBuildPhase;
			buildActionMask = 2147483647;
			files = (
				95AB325728F3C59D0003DCB0 /* CeriaUITests.swift in Sources */,
				95AB325928F3C59D0003DCB0 /* CeriaUITestsLaunchTests.swift in Sources */,
			);
			runOnlyForDeploymentPostprocessing = 0;
		};
/* End PBXSourcesBuildPhase section */

/* Begin PBXTargetDependency section */
		95AB324A28F3C59D0003DCB0 /* PBXTargetDependency */ = {
			isa = PBXTargetDependency;
			target = 95AB323228F3C59C0003DCB0 /* Ceria */;
			targetProxy = 95AB324928F3C59D0003DCB0 /* PBXContainerItemProxy */;
		};
		95AB325428F3C59D0003DCB0 /* PBXTargetDependency */ = {
			isa = PBXTargetDependency;
			target = 95AB323228F3C59C0003DCB0 /* Ceria */;
			targetProxy = 95AB325328F3C59D0003DCB0 /* PBXContainerItemProxy */;
		};
/* End PBXTargetDependency section */

/* Begin PBXVariantGroup section */
		95AB323C28F3C59C0003DCB0 /* Main.storyboard */ = {
			isa = PBXVariantGroup;
			children = (
				95AB323D28F3C59C0003DCB0 /* Base */,
			);
			name = Main.storyboard;
			sourceTree = "<group>";
		};
		95AB324128F3C59D0003DCB0 /* LaunchScreen.storyboard */ = {
			isa = PBXVariantGroup;
			children = (
				95AB324228F3C59D0003DCB0 /* Base */,
			);
			name = LaunchScreen.storyboard;
			sourceTree = "<group>";
		};
/* End PBXVariantGroup section */

/* Begin XCBuildConfiguration section */
		95AB325A28F3C59D0003DCB0 /* Debug */ = {
			isa = XCBuildConfiguration;
			buildSettings = {
				ALWAYS_SEARCH_USER_PATHS = NO;
				CLANG_ANALYZER_NONNULL = YES;
				CLANG_ANALYZER_NUMBER_OBJECT_CONVERSION = YES_AGGRESSIVE;
				CLANG_CXX_LANGUAGE_STANDARD = "gnu++20";
				CLANG_ENABLE_MODULES = YES;
				CLANG_ENABLE_OBJC_ARC = YES;
				CLANG_ENABLE_OBJC_WEAK = YES;
				CLANG_WARN_BLOCK_CAPTURE_AUTORELEASING = YES;
				CLANG_WARN_BOOL_CONVERSION = YES;
				CLANG_WARN_COMMA = YES;
				CLANG_WARN_CONSTANT_CONVERSION = YES;
				CLANG_WARN_DEPRECATED_OBJC_IMPLEMENTATIONS = YES;
				CLANG_WARN_DIRECT_OBJC_ISA_USAGE = YES_ERROR;
				CLANG_WARN_DOCUMENTATION_COMMENTS = YES;
				CLANG_WARN_EMPTY_BODY = YES;
				CLANG_WARN_ENUM_CONVERSION = YES;
				CLANG_WARN_INFINITE_RECURSION = YES;
				CLANG_WARN_INT_CONVERSION = YES;
				CLANG_WARN_NON_LITERAL_NULL_CONVERSION = YES;
				CLANG_WARN_OBJC_IMPLICIT_RETAIN_SELF = YES;
				CLANG_WARN_OBJC_LITERAL_CONVERSION = YES;
				CLANG_WARN_OBJC_ROOT_CLASS = YES_ERROR;
				CLANG_WARN_QUOTED_INCLUDE_IN_FRAMEWORK_HEADER = YES;
				CLANG_WARN_RANGE_LOOP_ANALYSIS = YES;
				CLANG_WARN_STRICT_PROTOTYPES = YES;
				CLANG_WARN_SUSPICIOUS_MOVE = YES;
				CLANG_WARN_UNGUARDED_AVAILABILITY = YES_AGGRESSIVE;
				CLANG_WARN_UNREACHABLE_CODE = YES;
				CLANG_WARN__DUPLICATE_METHOD_MATCH = YES;
				COPY_PHASE_STRIP = NO;
				DEBUG_INFORMATION_FORMAT = dwarf;
				ENABLE_STRICT_OBJC_MSGSEND = YES;
				ENABLE_TESTABILITY = YES;
				GCC_C_LANGUAGE_STANDARD = gnu11;
				GCC_DYNAMIC_NO_PIC = NO;
				GCC_NO_COMMON_BLOCKS = YES;
				GCC_OPTIMIZATION_LEVEL = 0;
				GCC_PREPROCESSOR_DEFINITIONS = (
					"DEBUG=1",
					"$(inherited)",
				);
				GCC_WARN_64_TO_32_BIT_CONVERSION = YES;
				GCC_WARN_ABOUT_RETURN_TYPE = YES_ERROR;
				GCC_WARN_UNDECLARED_SELECTOR = YES;
				GCC_WARN_UNINITIALIZED_AUTOS = YES_AGGRESSIVE;
				GCC_WARN_UNUSED_FUNCTION = YES;
				GCC_WARN_UNUSED_VARIABLE = YES;
				IPHONEOS_DEPLOYMENT_TARGET = 15.0;
				MTL_ENABLE_DEBUG_INFO = INCLUDE_SOURCE;
				MTL_FAST_MATH = YES;
				ONLY_ACTIVE_ARCH = YES;
				SDKROOT = iphoneos;
				SWIFT_ACTIVE_COMPILATION_CONDITIONS = DEBUG;
				SWIFT_OPTIMIZATION_LEVEL = "-Onone";
			};
			name = Debug;
		};
		95AB325B28F3C59D0003DCB0 /* Release */ = {
			isa = XCBuildConfiguration;
			buildSettings = {
				ALWAYS_SEARCH_USER_PATHS = NO;
				CLANG_ANALYZER_NONNULL = YES;
				CLANG_ANALYZER_NUMBER_OBJECT_CONVERSION = YES_AGGRESSIVE;
				CLANG_CXX_LANGUAGE_STANDARD = "gnu++20";
				CLANG_ENABLE_MODULES = YES;
				CLANG_ENABLE_OBJC_ARC = YES;
				CLANG_ENABLE_OBJC_WEAK = YES;
				CLANG_WARN_BLOCK_CAPTURE_AUTORELEASING = YES;
				CLANG_WARN_BOOL_CONVERSION = YES;
				CLANG_WARN_COMMA = YES;
				CLANG_WARN_CONSTANT_CONVERSION = YES;
				CLANG_WARN_DEPRECATED_OBJC_IMPLEMENTATIONS = YES;
				CLANG_WARN_DIRECT_OBJC_ISA_USAGE = YES_ERROR;
				CLANG_WARN_DOCUMENTATION_COMMENTS = YES;
				CLANG_WARN_EMPTY_BODY = YES;
				CLANG_WARN_ENUM_CONVERSION = YES;
				CLANG_WARN_INFINITE_RECURSION = YES;
				CLANG_WARN_INT_CONVERSION = YES;
				CLANG_WARN_NON_LITERAL_NULL_CONVERSION = YES;
				CLANG_WARN_OBJC_IMPLICIT_RETAIN_SELF = YES;
				CLANG_WARN_OBJC_LITERAL_CONVERSION = YES;
				CLANG_WARN_OBJC_ROOT_CLASS = YES_ERROR;
				CLANG_WARN_QUOTED_INCLUDE_IN_FRAMEWORK_HEADER = YES;
				CLANG_WARN_RANGE_LOOP_ANALYSIS = YES;
				CLANG_WARN_STRICT_PROTOTYPES = YES;
				CLANG_WARN_SUSPICIOUS_MOVE = YES;
				CLANG_WARN_UNGUARDED_AVAILABILITY = YES_AGGRESSIVE;
				CLANG_WARN_UNREACHABLE_CODE = YES;
				CLANG_WARN__DUPLICATE_METHOD_MATCH = YES;
				COPY_PHASE_STRIP = NO;
				DEBUG_INFORMATION_FORMAT = "dwarf-with-dsym";
				ENABLE_NS_ASSERTIONS = NO;
				ENABLE_STRICT_OBJC_MSGSEND = YES;
				GCC_C_LANGUAGE_STANDARD = gnu11;
				GCC_NO_COMMON_BLOCKS = YES;
				GCC_WARN_64_TO_32_BIT_CONVERSION = YES;
				GCC_WARN_ABOUT_RETURN_TYPE = YES_ERROR;
				GCC_WARN_UNDECLARED_SELECTOR = YES;
				GCC_WARN_UNINITIALIZED_AUTOS = YES_AGGRESSIVE;
				GCC_WARN_UNUSED_FUNCTION = YES;
				GCC_WARN_UNUSED_VARIABLE = YES;
				IPHONEOS_DEPLOYMENT_TARGET = 15.0;
				MTL_ENABLE_DEBUG_INFO = NO;
				MTL_FAST_MATH = YES;
				SDKROOT = iphoneos;
				SWIFT_COMPILATION_MODE = wholemodule;
				SWIFT_OPTIMIZATION_LEVEL = "-O";
				VALIDATE_PRODUCT = YES;
			};
			name = Release;
		};
		95AB325D28F3C59D0003DCB0 /* Debug */ = {
			isa = XCBuildConfiguration;
			buildSettings = {
				ASSETCATALOG_COMPILER_APPICON_NAME = AppIcon;
				ASSETCATALOG_COMPILER_GLOBAL_ACCENT_COLOR_NAME = AccentColor;
				CODE_SIGN_STYLE = Automatic;
				CURRENT_PROJECT_VERSION = 1;
				DEVELOPMENT_TEAM = S955BH56FW;
				GENERATE_INFOPLIST_FILE = YES;
				INFOPLIST_KEY_CFBundleDisplayName = Ceria;
				INFOPLIST_KEY_LSApplicationCategoryType = "public.app-category.kids-games";
				INFOPLIST_KEY_UIApplicationSupportsIndirectInputEvents = YES;
				INFOPLIST_KEY_UILaunchStoryboardName = LaunchScreen;
				INFOPLIST_KEY_UIMainStoryboardFile = Main;
				INFOPLIST_KEY_UIStatusBarHidden = YES;
				INFOPLIST_KEY_UISupportedInterfaceOrientations = UIInterfaceOrientationPortrait;
				IPHONEOS_DEPLOYMENT_TARGET = 15.0;
				LD_RUNPATH_SEARCH_PATHS = (
					"$(inherited)",
					"@executable_path/Frameworks",
				);
				MARKETING_VERSION = 1.0;
				PRODUCT_BUNDLE_IDENTIFIER = com.icu.Ceria;
				PRODUCT_NAME = "$(TARGET_NAME)";
				SUPPORTED_PLATFORMS = "iphoneos iphonesimulator";
				SUPPORTS_MACCATALYST = NO;
				SUPPORTS_MAC_DESIGNED_FOR_IPHONE_IPAD = NO;
				SWIFT_EMIT_LOC_STRINGS = YES;
				SWIFT_VERSION = 5.0;
				TARGETED_DEVICE_FAMILY = "1,2";
			};
			name = Debug;
		};
		95AB325E28F3C59D0003DCB0 /* Release */ = {
			isa = XCBuildConfiguration;
			buildSettings = {
				ASSETCATALOG_COMPILER_APPICON_NAME = AppIcon;
				ASSETCATALOG_COMPILER_GLOBAL_ACCENT_COLOR_NAME = AccentColor;
				CODE_SIGN_STYLE = Automatic;
				CURRENT_PROJECT_VERSION = 1;
				DEVELOPMENT_TEAM = S955BH56FW;
				GENERATE_INFOPLIST_FILE = YES;
				INFOPLIST_KEY_CFBundleDisplayName = Ceria;
				INFOPLIST_KEY_LSApplicationCategoryType = "public.app-category.kids-games";
				INFOPLIST_KEY_UIApplicationSupportsIndirectInputEvents = YES;
				INFOPLIST_KEY_UILaunchStoryboardName = LaunchScreen;
				INFOPLIST_KEY_UIMainStoryboardFile = Main;
				INFOPLIST_KEY_UIStatusBarHidden = YES;
				INFOPLIST_KEY_UISupportedInterfaceOrientations = UIInterfaceOrientationPortrait;
				IPHONEOS_DEPLOYMENT_TARGET = 15.0;
				LD_RUNPATH_SEARCH_PATHS = (
					"$(inherited)",
					"@executable_path/Frameworks",
				);
				MARKETING_VERSION = 1.0;
				PRODUCT_BUNDLE_IDENTIFIER = com.icu.Ceria;
				PRODUCT_NAME = "$(TARGET_NAME)";
				SUPPORTED_PLATFORMS = "iphoneos iphonesimulator";
				SUPPORTS_MACCATALYST = NO;
				SUPPORTS_MAC_DESIGNED_FOR_IPHONE_IPAD = NO;
				SWIFT_EMIT_LOC_STRINGS = YES;
				SWIFT_VERSION = 5.0;
				TARGETED_DEVICE_FAMILY = "1,2";
			};
			name = Release;
		};
		95AB326028F3C59D0003DCB0 /* Debug */ = {
			isa = XCBuildConfiguration;
			buildSettings = {
				ALWAYS_EMBED_SWIFT_STANDARD_LIBRARIES = YES;
				BUNDLE_LOADER = "$(TEST_HOST)";
				CODE_SIGN_STYLE = Automatic;
				CURRENT_PROJECT_VERSION = 1;
				DEVELOPMENT_TEAM = S955BH56FW;
				GENERATE_INFOPLIST_FILE = YES;
				IPHONEOS_DEPLOYMENT_TARGET = 16.0;
				MARKETING_VERSION = 1.0;
				PRODUCT_BUNDLE_IDENTIFIER = com.icu.CeriaTests;
				PRODUCT_NAME = "$(TARGET_NAME)";
				SWIFT_EMIT_LOC_STRINGS = NO;
				SWIFT_VERSION = 5.0;
				TARGETED_DEVICE_FAMILY = "1,2";
				TEST_HOST = "$(BUILT_PRODUCTS_DIR)/Ceria.app/$(BUNDLE_EXECUTABLE_FOLDER_PATH)/Ceria";
			};
			name = Debug;
		};
		95AB326128F3C59D0003DCB0 /* Release */ = {
			isa = XCBuildConfiguration;
			buildSettings = {
				ALWAYS_EMBED_SWIFT_STANDARD_LIBRARIES = YES;
				BUNDLE_LOADER = "$(TEST_HOST)";
				CODE_SIGN_STYLE = Automatic;
				CURRENT_PROJECT_VERSION = 1;
				DEVELOPMENT_TEAM = S955BH56FW;
				GENERATE_INFOPLIST_FILE = YES;
				IPHONEOS_DEPLOYMENT_TARGET = 16.0;
				MARKETING_VERSION = 1.0;
				PRODUCT_BUNDLE_IDENTIFIER = com.icu.CeriaTests;
				PRODUCT_NAME = "$(TARGET_NAME)";
				SWIFT_EMIT_LOC_STRINGS = NO;
				SWIFT_VERSION = 5.0;
				TARGETED_DEVICE_FAMILY = "1,2";
				TEST_HOST = "$(BUILT_PRODUCTS_DIR)/Ceria.app/$(BUNDLE_EXECUTABLE_FOLDER_PATH)/Ceria";
			};
			name = Release;
		};
		95AB326328F3C59D0003DCB0 /* Debug */ = {
			isa = XCBuildConfiguration;
			buildSettings = {
				ALWAYS_EMBED_SWIFT_STANDARD_LIBRARIES = YES;
				CODE_SIGN_STYLE = Automatic;
				CURRENT_PROJECT_VERSION = 1;
				DEVELOPMENT_TEAM = S955BH56FW;
				GENERATE_INFOPLIST_FILE = YES;
				MARKETING_VERSION = 1.0;
				PRODUCT_BUNDLE_IDENTIFIER = com.icu.CeriaUITests;
				PRODUCT_NAME = "$(TARGET_NAME)";
				SWIFT_EMIT_LOC_STRINGS = NO;
				SWIFT_VERSION = 5.0;
				TARGETED_DEVICE_FAMILY = "1,2";
				TEST_TARGET_NAME = Ceria;
			};
			name = Debug;
		};
		95AB326428F3C59D0003DCB0 /* Release */ = {
			isa = XCBuildConfiguration;
			buildSettings = {
				ALWAYS_EMBED_SWIFT_STANDARD_LIBRARIES = YES;
				CODE_SIGN_STYLE = Automatic;
				CURRENT_PROJECT_VERSION = 1;
				DEVELOPMENT_TEAM = S955BH56FW;
				GENERATE_INFOPLIST_FILE = YES;
				MARKETING_VERSION = 1.0;
				PRODUCT_BUNDLE_IDENTIFIER = com.icu.CeriaUITests;
				PRODUCT_NAME = "$(TARGET_NAME)";
				SWIFT_EMIT_LOC_STRINGS = NO;
				SWIFT_VERSION = 5.0;
				TARGETED_DEVICE_FAMILY = "1,2";
				TEST_TARGET_NAME = Ceria;
			};
			name = Release;
		};
/* End XCBuildConfiguration section */

/* Begin XCConfigurationList section */
		95AB322E28F3C59C0003DCB0 /* Build configuration list for PBXProject "Ceria" */ = {
			isa = XCConfigurationList;
			buildConfigurations = (
				95AB325A28F3C59D0003DCB0 /* Debug */,
				95AB325B28F3C59D0003DCB0 /* Release */,
			);
			defaultConfigurationIsVisible = 0;
			defaultConfigurationName = Release;
		};
		95AB325C28F3C59D0003DCB0 /* Build configuration list for PBXNativeTarget "Ceria" */ = {
			isa = XCConfigurationList;
			buildConfigurations = (
				95AB325D28F3C59D0003DCB0 /* Debug */,
				95AB325E28F3C59D0003DCB0 /* Release */,
			);
			defaultConfigurationIsVisible = 0;
			defaultConfigurationName = Release;
		};
		95AB325F28F3C59D0003DCB0 /* Build configuration list for PBXNativeTarget "CeriaTests" */ = {
			isa = XCConfigurationList;
			buildConfigurations = (
				95AB326028F3C59D0003DCB0 /* Debug */,
				95AB326128F3C59D0003DCB0 /* Release */,
			);
			defaultConfigurationIsVisible = 0;
			defaultConfigurationName = Release;
		};
		95AB326228F3C59D0003DCB0 /* Build configuration list for PBXNativeTarget "CeriaUITests" */ = {
			isa = XCConfigurationList;
			buildConfigurations = (
				95AB326328F3C59D0003DCB0 /* Debug */,
				95AB326428F3C59D0003DCB0 /* Release */,
			);
			defaultConfigurationIsVisible = 0;
			defaultConfigurationName = Release;
		};
/* End XCConfigurationList section */
	};
	rootObject = 95AB322B28F3C59C0003DCB0 /* Project object */;
}
